
Microsoft Visual Studio Solution File, Format Version 12.00
# Visual Studio Version 16
VisualStudioVersion = 16.0.29009.5
MinimumVisualStudioVersion = 10.0.40219.1
Project("{FAE04EC0-301F-11D3-BF4B-00C04F79EFBC}") = "SMTP", "SMTP\SMTP.csproj", "{9FD9BB5D-67C1-42C6-9C02-B6DEF792AA8E}"
EndProject
Global
	GlobalSection(SolutionConfigurationPlatforms) = preSolution
		Debug|Any CPU = Debug|Any CPU
		Release|Any CPU = Release|Any CPU
	EndGlobalSection
	GlobalSection(ProjectConfigurationPlatforms) = postSolution
		{9FD9BB5D-67C1-42C6-9C02-B6DEF792AA8E}.Debug|Any CPU.ActiveCfg = Debug|Any CPU
		{9FD9BB5D-67C1-42C6-9C02-B6DEF792AA8E}.Debug|Any CPU.Build.0 = Debug|Any CPU
		{9FD9BB5D-67C1-42C6-9C02-B6DEF792AA8E}.Release|Any CPU.ActiveCfg = Release|Any CPU
		{9FD9BB5D-67C1-42C6-9C02-B6DEF792AA8E}.Release|Any CPU.Build.0 = Release|Any CPU
	EndGlobalSection
	GlobalSection(SolutionProperties) = preSolution
		HideSolutionNode = FALSE
	EndGlobalSection
	GlobalSection(ExtensibilityGlobals) = postSolution
		SolutionGuid = {3DFDE236-6D79-4F7F-9730-7E9BF901FC51}
	EndGlobalSection
EndGlobal
