
Microsoft Visual Studio Solution File, Format Version 12.00
# Visual Studio Version 16
VisualStudioVersion = 16.0.29123.88
MinimumVisualStudioVersion = 10.0.40219.1
Project("{8BC9CEB8-8B4A-11D0-8D11-00A0C91BC942}") = "Lab_2", "Lab_2\Lab_2.vcxproj", "{6C39973F-7008-4167-8051-61449E5DCEFA}"
EndProject
Project("{8BC9CEB8-8B4A-11D0-8D11-00A0C91BC942}") = "test", "test\test.vcxproj", "{6DC3D603-1516-4D0C-A89C-277266239121}"
EndProject
Project("{8BC9CEB8-8B4A-11D0-8D11-00A0C91BC942}") = "Lab_1", "Lab_1\Lab_1.vcxproj", "{C102031B-C711-4141-AE80-1B9CF23B2E1C}"
EndProject
Global
	GlobalSection(SolutionConfigurationPlatforms) = preSolution
		Debug|x64 = Debug|x64
		Debug|x86 = Debug|x86
		Release|x64 = Release|x64
		Release|x86 = Release|x86
	EndGlobalSection
	GlobalSection(ProjectConfigurationPlatforms) = postSolution
		{6C39973F-7008-4167-8051-61449E5DCEFA}.Debug|x64.ActiveCfg = Debug|x64
		{6C39973F-7008-4167-8051-61449E5DCEFA}.Debug|x64.Build.0 = Debug|x64
		{6C39973F-7008-4167-8051-61449E5DCEFA}.Debug|x86.ActiveCfg = Debug|Win32
		{6C39973F-7008-4167-8051-61449E5DCEFA}.Debug|x86.Build.0 = Debug|Win32
		{6C39973F-7008-4167-8051-61449E5DCEFA}.Release|x64.ActiveCfg = Release|x64
		{6C39973F-7008-4167-8051-61449E5DCEFA}.Release|x64.Build.0 = Release|x64
		{6C39973F-7008-4167-8051-61449E5DCEFA}.Release|x86.ActiveCfg = Release|Win32
		{6C39973F-7008-4167-8051-61449E5DCEFA}.Release|x86.Build.0 = Release|Win32
		{6DC3D603-1516-4D0C-A89C-277266239121}.Debug|x64.ActiveCfg = Debug|x64
		{6DC3D603-1516-4D0C-A89C-277266239121}.Debug|x64.Build.0 = Debug|x64
		{6DC3D603-1516-4D0C-A89C-277266239121}.Debug|x86.ActiveCfg = Debug|Win32
		{6DC3D603-1516-4D0C-A89C-277266239121}.Debug|x86.Build.0 = Debug|Win32
		{6DC3D603-1516-4D0C-A89C-277266239121}.Release|x64.ActiveCfg = Release|x64
		{6DC3D603-1516-4D0C-A89C-277266239121}.Release|x64.Build.0 = Release|x64
		{6DC3D603-1516-4D0C-A89C-277266239121}.Release|x86.ActiveCfg = Release|Win32
		{6DC3D603-1516-4D0C-A89C-277266239121}.Release|x86.Build.0 = Release|Win32
		{C102031B-C711-4141-AE80-1B9CF23B2E1C}.Debug|x64.ActiveCfg = Debug|x64
		{C102031B-C711-4141-AE80-1B9CF23B2E1C}.Debug|x64.Build.0 = Debug|x64
		{C102031B-C711-4141-AE80-1B9CF23B2E1C}.Debug|x86.ActiveCfg = Debug|Win32
		{C102031B-C711-4141-AE80-1B9CF23B2E1C}.Debug|x86.Build.0 = Debug|Win32
		{C102031B-C711-4141-AE80-1B9CF23B2E1C}.Release|x64.ActiveCfg = Release|x64
		{C102031B-C711-4141-AE80-1B9CF23B2E1C}.Release|x64.Build.0 = Release|x64
		{C102031B-C711-4141-AE80-1B9CF23B2E1C}.Release|x86.ActiveCfg = Release|Win32
		{C102031B-C711-4141-AE80-1B9CF23B2E1C}.Release|x86.Build.0 = Release|Win32
	EndGlobalSection
	GlobalSection(SolutionProperties) = preSolution
		HideSolutionNode = FALSE
	EndGlobalSection
	GlobalSection(ExtensibilityGlobals) = postSolution
		SolutionGuid = {0695660C-641A-4678-926B-66C862EA6BCE}
	EndGlobalSection
EndGlobal
